// !$*UTF8*$!
{
	archiveVersion = 1;
	classes = {
	};
	objectVersion = 48;
	objects = {

/* Begin PBXBuildFile section */
		D263F9DB201E50AB00B1959C /* JSONSplitter.c in Sources */ = {isa = PBXBuildFile; fileRef = D263F9D9201E50AB00B1959C /* JSONSplitter.c */; };
		D2D1AD2B201CE88500A1510A /* AppDelegate.swift in Sources */ = {isa = PBXBuildFile; fileRef = D2D1AD2A201CE88500A1510A /* AppDelegate.swift */; };
		D2D1AD2D201CE88500A1510A /* Assets.xcassets in Resources */ = {isa = PBXBuildFile; fileRef = D2D1AD2C201CE88500A1510A /* Assets.xcassets */; };
		D2D1AD3B201CE8F500A1510A /* Socket.framework in Frameworks */ = {isa = PBXBuildFile; fileRef = D2D1AD39201CE8BE00A1510A /* Socket.framework */; };
		D2D1AD3C201CE8F500A1510A /* Socket.framework in Embed Frameworks */ = {isa = PBXBuildFile; fileRef = D2D1AD39201CE8BE00A1510A /* Socket.framework */; settings = {ATTRIBUTES = (CodeSignOnCopy, RemoveHeadersOnCopy, ); }; };
		D2D1AD3F201CE91300A1510A /* Yeelight.swift in Sources */ = {isa = PBXBuildFile; fileRef = D2D1AD3E201CE91300A1510A /* Yeelight.swift */; };
		D2D1AD5E201D4FB000A1510A /* Window.swift in Sources */ = {isa = PBXBuildFile; fileRef = D2D1AD5C201D4FB000A1510A /* Window.swift */; };
		D2D1AD5F201D4FB000A1510A /* Window.xib in Resources */ = {isa = PBXBuildFile; fileRef = D2D1AD5D201D4FB000A1510A /* Window.xib */; };
/* End PBXBuildFile section */

/* Begin PBXCopyFilesBuildPhase section */
		D2D1AD3D201CE8F500A1510A /* Embed Frameworks */ = {
			isa = PBXCopyFilesBuildPhase;
			buildActionMask = 2147483647;
			dstPath = "";
			dstSubfolderSpec = 10;
			files = (
				D2D1AD3C201CE8F500A1510A /* Socket.framework in Embed Frameworks */,
			);
			name = "Embed Frameworks";
			runOnlyForDeploymentPostprocessing = 0;
		};
/* End PBXCopyFilesBuildPhase section */

/* Begin PBXFileReference section */
		D263F9D8201E50AA00B1959C /* YeelightController2-Bridging-Header.h */ = {isa = PBXFileReference; lastKnownFileType = sourcecode.c.h; path = "YeelightController2-Bridging-Header.h"; sourceTree = "<group>"; };
		D263F9D9201E50AB00B1959C /* JSONSplitter.c */ = {isa = PBXFileReference; lastKnownFileType = sourcecode.c.c; path = JSONSplitter.c; sourceTree = "<group>"; };
		D263F9DA201E50AB00B1959C /* JSONSplitter.h */ = {isa = PBXFileReference; lastKnownFileType = sourcecode.c.h; path = JSONSplitter.h; sourceTree = "<group>"; };
		D2D1AD27201CE88500A1510A /* YeelightController2.app */ = {isa = PBXFileReference; explicitFileType = wrapper.application; includeInIndex = 0; path = YeelightController2.app; sourceTree = BUILT_PRODUCTS_DIR; };
		D2D1AD2A201CE88500A1510A /* AppDelegate.swift */ = {isa = PBXFileReference; lastKnownFileType = sourcecode.swift; path = AppDelegate.swift; sourceTree = "<group>"; };
		D2D1AD2C201CE88500A1510A /* Assets.xcassets */ = {isa = PBXFileReference; lastKnownFileType = folder.assetcatalog; path = Assets.xcassets; sourceTree = "<group>"; };
		D2D1AD31201CE88500A1510A /* Info.plist */ = {isa = PBXFileReference; lastKnownFileType = text.plist.xml; path = Info.plist; sourceTree = "<group>"; };
		D2D1AD32201CE88500A1510A /* YeelightController2.entitlements */ = {isa = PBXFileReference; lastKnownFileType = text.plist.entitlements; path = YeelightController2.entitlements; sourceTree = "<group>"; };
		D2D1AD39201CE8BE00A1510A /* Socket.framework */ = {isa = PBXFileReference; lastKnownFileType = wrapper.framework; path = Socket.framework; sourceTree = "<group>"; };
		D2D1AD3E201CE91300A1510A /* Yeelight.swift */ = {isa = PBXFileReference; lastKnownFileType = sourcecode.swift; path = Yeelight.swift; sourceTree = "<group>"; };
		D2D1AD5C201D4FB000A1510A /* Window.swift */ = {isa = PBXFileReference; lastKnownFileType = sourcecode.swift; path = Window.swift; sourceTree = "<group>"; };
		D2D1AD5D201D4FB000A1510A /* Window.xib */ = {isa = PBXFileReference; lastKnownFileType = file.xib; path = Window.xib; sourceTree = "<group>"; };
/* End PBXFileReference section */

/* Begin PBXFrameworksBuildPhase section */
		D2D1AD24201CE88500A1510A /* Frameworks */ = {
			isa = PBXFrameworksBuildPhase;
			buildActionMask = 2147483647;
			files = (
				D2D1AD3B201CE8F500A1510A /* Socket.framework in Frameworks */,
			);
			runOnlyForDeploymentPostprocessing = 0;
		};
/* End PBXFrameworksBuildPhase section */

/* Begin PBXGroup section */
		D2D1AD1E201CE88500A1510A = {
			isa = PBXGroup;
			children = (
				D2D1AD29201CE88500A1510A /* YeelightController2 */,
				D2D1AD28201CE88500A1510A /* Products */,
				D2D1AD38201CE8BE00A1510A /* Frameworks */,
			);
			sourceTree = "<group>";
		};
		D2D1AD28201CE88500A1510A /* Products */ = {
			isa = PBXGroup;
			children = (
				D2D1AD27201CE88500A1510A /* YeelightController2.app */,
			);
			name = Products;
			sourceTree = "<group>";
		};
		D2D1AD29201CE88500A1510A /* YeelightController2 */ = {
			isa = PBXGroup;
			children = (
				D2D1AD2A201CE88500A1510A /* AppDelegate.swift */,
				D2D1AD3E201CE91300A1510A /* Yeelight.swift */,
				D2D1AD2C201CE88500A1510A /* Assets.xcassets */,
				D2D1AD31201CE88500A1510A /* Info.plist */,
				D2D1AD32201CE88500A1510A /* YeelightController2.entitlements */,
				D2D1AD5C201D4FB000A1510A /* Window.swift */,
				D2D1AD5D201D4FB000A1510A /* Window.xib */,
				D263F9D9201E50AB00B1959C /* JSONSplitter.c */,
				D263F9DA201E50AB00B1959C /* JSONSplitter.h */,
				D263F9D8201E50AA00B1959C /* YeelightController2-Bridging-Header.h */,
			);
			path = YeelightController2;
			sourceTree = "<group>";
		};
		D2D1AD38201CE8BE00A1510A /* Frameworks */ = {
			isa = PBXGroup;
			children = (
				D2D1AD39201CE8BE00A1510A /* Socket.framework */,
			);
			name = Frameworks;
			sourceTree = "<group>";
		};
/* End PBXGroup section */

/* Begin PBXNativeTarget section */
		D2D1AD26201CE88500A1510A /* YeelightController2 */ = {
			isa = PBXNativeTarget;
			buildConfigurationList = D2D1AD35201CE88500A1510A /* Build configuration list for PBXNativeTarget "YeelightController2" */;
			buildPhases = (
				D2D1AD23201CE88500A1510A /* Sources */,
				D2D1AD24201CE88500A1510A /* Frameworks */,
				D2D1AD25201CE88500A1510A /* Resources */,
				D2D1AD3D201CE8F500A1510A /* Embed Frameworks */,
			);
			buildRules = (
			);
			dependencies = (
			);
			name = YeelightController2;
			productName = YeelightController2;
			productReference = D2D1AD27201CE88500A1510A /* YeelightController2.app */;
			productType = "com.apple.product-type.application";
		};
/* End PBXNativeTarget section */

/* Begin PBXProject section */
		D2D1AD1F201CE88500A1510A /* Project object */ = {
			isa = PBXProject;
			attributes = {
				LastSwiftUpdateCheck = 0920;
				LastUpgradeCheck = 0920;
				ORGANIZATIONNAME = "Alessandro Pagiaro";
				TargetAttributes = {
					D2D1AD26201CE88500A1510A = {
						CreatedOnToolsVersion = 9.2;
						LastSwiftMigration = 0920;
						ProvisioningStyle = Automatic;
					};
				};
			};
			buildConfigurationList = D2D1AD22201CE88500A1510A /* Build configuration list for PBXProject "YeelightController2" */;
			compatibilityVersion = "Xcode 8.0";
			developmentRegion = en;
			hasScannedForEncodings = 0;
			knownRegions = (
				en,
				Base,
			);
			mainGroup = D2D1AD1E201CE88500A1510A;
			productRefGroup = D2D1AD28201CE88500A1510A /* Products */;
			projectDirPath = "";
			projectRoot = "";
			targets = (
				D2D1AD26201CE88500A1510A /* YeelightController2 */,
			);
		};
/* End PBXProject section */

/* Begin PBXResourcesBuildPhase section */
		D2D1AD25201CE88500A1510A /* Resources */ = {
			isa = PBXResourcesBuildPhase;
			buildActionMask = 2147483647;
			files = (
				D2D1AD2D201CE88500A1510A /* Assets.xcassets in Resources */,
				D2D1AD5F201D4FB000A1510A /* Window.xib in Resources */,
			);
			runOnlyForDeploymentPostprocessing = 0;
		};
/* End PBXResourcesBuildPhase section */

/* Begin PBXSourcesBuildPhase section */
		D2D1AD23201CE88500A1510A /* Sources */ = {
			isa = PBXSourcesBuildPhase;
			buildActionMask = 2147483647;
			files = (
				D263F9DB201E50AB00B1959C /* JSONSplitter.c in Sources */,
				D2D1AD3F201CE91300A1510A /* Yeelight.swift in Sources */,
				D2D1AD2B201CE88500A1510A /* AppDelegate.swift in Sources */,
				D2D1AD5E201D4FB000A1510A /* Window.swift in Sources */,
			);
			runOnlyForDeploymentPostprocessing = 0;
		};
/* End PBXSourcesBuildPhase section */

/* Begin XCBuildConfiguration section */
		D2D1AD33201CE88500A1510A /* Debug */ = {
			isa = XCBuildConfiguration;
			buildSettings = {
				ALWAYS_SEARCH_USER_PATHS = NO;
				CLANG_ANALYZER_NONNULL = YES;
				CLANG_ANALYZER_NUMBER_OBJECT_CONVERSION = YES_AGGRESSIVE;
				CLANG_CXX_LANGUAGE_STANDARD = "gnu++14";
				CLANG_CXX_LIBRARY = "libc++";
				CLANG_ENABLE_MODULES = YES;
				CLANG_ENABLE_OBJC_ARC = YES;
				CLANG_WARN_BLOCK_CAPTURE_AUTORELEASING = YES;
				CLANG_WARN_BOOL_CONVERSION = YES;
				CLANG_WARN_COMMA = YES;
				CLANG_WARN_CONSTANT_CONVERSION = YES;
				CLANG_WARN_DIRECT_OBJC_ISA_USAGE = YES_ERROR;
				CLANG_WARN_DOCUMENTATION_COMMENTS = YES;
				CLANG_WARN_EMPTY_BODY = YES;
				CLANG_WARN_ENUM_CONVERSION = YES;
				CLANG_WARN_INFINITE_RECURSION = YES;
				CLANG_WARN_INT_CONVERSION = YES;
				CLANG_WARN_NON_LITERAL_NULL_CONVERSION = YES;
				CLANG_WARN_OBJC_LITERAL_CONVERSION = YES;
				CLANG_WARN_OBJC_ROOT_CLASS = YES_ERROR;
				CLANG_WARN_RANGE_LOOP_ANALYSIS = YES;
				CLANG_WARN_STRICT_PROTOTYPES = YES;
				CLANG_WARN_SUSPICIOUS_MOVE = YES;
				CLANG_WARN_UNGUARDED_AVAILABILITY = YES_AGGRESSIVE;
				CLANG_WARN_UNREACHABLE_CODE = YES;
				CLANG_WARN__DUPLICATE_METHOD_MATCH = YES;
				CODE_SIGN_IDENTITY = "-";
				COPY_PHASE_STRIP = NO;
				DEBUG_INFORMATION_FORMAT = dwarf;
				ENABLE_STRICT_OBJC_MSGSEND = YES;
				ENABLE_TESTABILITY = YES;
				GCC_C_LANGUAGE_STANDARD = gnu11;
				GCC_DYNAMIC_NO_PIC = NO;
				GCC_NO_COMMON_BLOCKS = YES;
				GCC_OPTIMIZATION_LEVEL = 0;
				GCC_PREPROCESSOR_DEFINITIONS = (
					"DEBUG=1",
					"$(inherited)",
				);
				GCC_WARN_64_TO_32_BIT_CONVERSION = YES;
				GCC_WARN_ABOUT_RETURN_TYPE = YES_ERROR;
				GCC_WARN_UNDECLARED_SELECTOR = YES;
				GCC_WARN_UNINITIALIZED_AUTOS = YES_AGGRESSIVE;
				GCC_WARN_UNUSED_FUNCTION = YES;
				GCC_WARN_UNUSED_VARIABLE = YES;
				MACOSX_DEPLOYMENT_TARGET = 10.12;
				MTL_ENABLE_DEBUG_INFO = YES;
				ONLY_ACTIVE_ARCH = YES;
				SDKROOT = macosx;
				SWIFT_ACTIVE_COMPILATION_CONDITIONS = DEBUG;
				SWIFT_OPTIMIZATION_LEVEL = "-Onone";
			};
			name = Debug;
		};
		D2D1AD34201CE88500A1510A /* Release */ = {
			isa = XCBuildConfiguration;
			buildSettings = {
				ALWAYS_SEARCH_USER_PATHS = NO;
				CLANG_ANALYZER_NONNULL = YES;
				CLANG_ANALYZER_NUMBER_OBJECT_CONVERSION = YES_AGGRESSIVE;
				CLANG_CXX_LANGUAGE_STANDARD = "gnu++14";
				CLANG_CXX_LIBRARY = "libc++";
				CLANG_ENABLE_MODULES = YES;
				CLANG_ENABLE_OBJC_ARC = YES;
				CLANG_WARN_BLOCK_CAPTURE_AUTORELEASING = YES;
				CLANG_WARN_BOOL_CONVERSION = YES;
				CLANG_WARN_COMMA = YES;
				CLANG_WARN_CONSTANT_CONVERSION = YES;
				CLANG_WARN_DIRECT_OBJC_ISA_USAGE = YES_ERROR;
				CLANG_WARN_DOCUMENTATION_COMMENTS = YES;
				CLANG_WARN_EMPTY_BODY = YES;
				CLANG_WARN_ENUM_CONVERSION = YES;
				CLANG_WARN_INFINITE_RECURSION = YES;
				CLANG_WARN_INT_CONVERSION = YES;
				CLANG_WARN_NON_LITERAL_NULL_CONVERSION = YES;
				CLANG_WARN_OBJC_LITERAL_CONVERSION = YES;
				CLANG_WARN_OBJC_ROOT_CLASS = YES_ERROR;
				CLANG_WARN_RANGE_LOOP_ANALYSIS = YES;
				CLANG_WARN_STRICT_PROTOTYPES = YES;
				CLANG_WARN_SUSPICIOUS_MOVE = YES;
				CLANG_WARN_UNGUARDED_AVAILABILITY = YES_AGGRESSIVE;
				CLANG_WARN_UNREACHABLE_CODE = YES;
				CLANG_WARN__DUPLICATE_METHOD_MATCH = YES;
				CODE_SIGN_IDENTITY = "-";
				COPY_PHASE_STRIP = NO;
				DEBUG_INFORMATION_FORMAT = "dwarf-with-dsym";
				ENABLE_NS_ASSERTIONS = NO;
				ENABLE_STRICT_OBJC_MSGSEND = YES;
				GCC_C_LANGUAGE_STANDARD = gnu11;
				GCC_NO_COMMON_BLOCKS = YES;
				GCC_WARN_64_TO_32_BIT_CONVERSION = YES;
				GCC_WARN_ABOUT_RETURN_TYPE = YES_ERROR;
				GCC_WARN_UNDECLARED_SELECTOR = YES;
				GCC_WARN_UNINITIALIZED_AUTOS = YES_AGGRESSIVE;
				GCC_WARN_UNUSED_FUNCTION = YES;
				GCC_WARN_UNUSED_VARIABLE = YES;
				MACOSX_DEPLOYMENT_TARGET = 10.12;
				MTL_ENABLE_DEBUG_INFO = NO;
				SDKROOT = macosx;
				SWIFT_OPTIMIZATION_LEVEL = "-Owholemodule";
			};
			name = Release;
		};
		D2D1AD36201CE88500A1510A /* Debug */ = {
			isa = XCBuildConfiguration;
			buildSettings = {
				ASSETCATALOG_COMPILER_APPICON_NAME = AppIcon;
				CLANG_ENABLE_MODULES = YES;
				CODE_SIGN_STYLE = Automatic;
				COMBINE_HIDPI_IMAGES = YES;
				FRAMEWORK_SEARCH_PATHS = (
					"$(inherited)",
					"$(PROJECT_DIR)",
				);
				INFOPLIST_FILE = YeelightController2/Info.plist;
				LD_RUNPATH_SEARCH_PATHS = "$(inherited) @executable_path/../Frameworks";
				PRODUCT_BUNDLE_IDENTIFIER = apagiaro.it.YeelightController;
				PRODUCT_NAME = "$(TARGET_NAME)";
				SWIFT_OBJC_BRIDGING_HEADER = "YeelightController2/YeelightController2-Bridging-Header.h";
				SWIFT_OPTIMIZATION_LEVEL = "-Onone";
				SWIFT_VERSION = 4.0;
			};
			name = Debug;
		};
		D2D1AD37201CE88500A1510A /* Release */ = {
			isa = XCBuildConfiguration;
			buildSettings = {
				ASSETCATALOG_COMPILER_APPICON_NAME = AppIcon;
				CLANG_ENABLE_MODULES = YES;
				CODE_SIGN_STYLE = Automatic;
				COMBINE_HIDPI_IMAGES = YES;
				FRAMEWORK_SEARCH_PATHS = (
					"$(inherited)",
					"$(PROJECT_DIR)",
				);
				INFOPLIST_FILE = YeelightController2/Info.plist;
				LD_RUNPATH_SEARCH_PATHS = "$(inherited) @executable_path/../Frameworks";
				PRODUCT_BUNDLE_IDENTIFIER = apagiaro.it.YeelightController;
				PRODUCT_NAME = "$(TARGET_NAME)";
				SWIFT_OBJC_BRIDGING_HEADER = "YeelightController2/YeelightController2-Bridging-Header.h";
				SWIFT_VERSION = 4.0;
			};
			name = Release;
		};
/* End XCBuildConfiguration section */

/* Begin XCConfigurationList section */
		D2D1AD22201CE88500A1510A /* Build configuration list for PBXProject "YeelightController2" */ = {
			isa = XCConfigurationList;
			buildConfigurations = (
				D2D1AD33201CE88500A1510A /* Debug */,
				D2D1AD34201CE88500A1510A /* Release */,
			);
			defaultConfigurationIsVisible = 0;
			defaultConfigurationName = Release;
		};
		D2D1AD35201CE88500A1510A /* Build configuration list for PBXNativeTarget "YeelightController2" */ = {
			isa = XCConfigurationList;
			buildConfigurations = (
				D2D1AD36201CE88500A1510A /* Debug */,
				D2D1AD37201CE88500A1510A /* Release */,
			);
			defaultConfigurationIsVisible = 0;
			defaultConfigurationName = Release;
		};
/* End XCConfigurationList section */
	};
	rootObject = D2D1AD1F201CE88500A1510A /* Project object */;
}
